
Microsoft Visual Studio Solution File, Format Version 12.00
# Visual Studio 15
VisualStudioVersion = 15.0.26124.0
MinimumVisualStudioVersion = 15.0.26124.0
Project("{2150E333-8FDC-42A3-9474-1A3956D46DE8}") = "src", "src", "{AC9B1227-60FF-4A65-9613-6DADD312C025}"
EndProject
Project("{FAE04EC0-301F-11D3-BF4B-00C04F79EFBC}") = "BotBuilder.Storage.MongoDB", "src\BotBuilder.Storage.MongoDB\BotBuilder.Storage.MongoDB.csproj", "{676A0748-7844-428B-972F-AFD532CDB8A3}"
EndProject
Project("{FAE04EC0-301F-11D3-BF4B-00C04F79EFBC}") = "BotBuilder.Storage.MongoDB.Test", "src\BotBuilder.Storage.MongoDB.Test\BotBuilder.Storage.MongoDB.Test.csproj", "{C4F025BD-6D69-4C79-B781-3D21CFECBD50}"
EndProject
Project("{FAE04EC0-301F-11D3-BF4B-00C04F79EFBC}") = "StateMangementBot", "example\StateMangementBot.csproj", "{F037BC18-A3E6-4A61-B003-FD7A7D7470FD}"
EndProject
Global
	GlobalSection(SolutionConfigurationPlatforms) = preSolution
		Debug|Any CPU = Debug|Any CPU
		Debug|x64 = Debug|x64
		Debug|x86 = Debug|x86
		Release|Any CPU = Release|Any CPU
		Release|x64 = Release|x64
		Release|x86 = Release|x86
	EndGlobalSection
	GlobalSection(SolutionProperties) = preSolution
		HideSolutionNode = FALSE
	EndGlobalSection
	GlobalSection(ProjectConfigurationPlatforms) = postSolution
		{676A0748-7844-428B-972F-AFD532CDB8A3}.Debug|Any CPU.ActiveCfg = Debug|Any CPU
		{676A0748-7844-428B-972F-AFD532CDB8A3}.Debug|Any CPU.Build.0 = Debug|Any CPU
		{676A0748-7844-428B-972F-AFD532CDB8A3}.Debug|x64.ActiveCfg = Debug|Any CPU
		{676A0748-7844-428B-972F-AFD532CDB8A3}.Debug|x64.Build.0 = Debug|Any CPU
		{676A0748-7844-428B-972F-AFD532CDB8A3}.Debug|x86.ActiveCfg = Debug|Any CPU
		{676A0748-7844-428B-972F-AFD532CDB8A3}.Debug|x86.Build.0 = Debug|Any CPU
		{676A0748-7844-428B-972F-AFD532CDB8A3}.Release|Any CPU.ActiveCfg = Release|Any CPU
		{676A0748-7844-428B-972F-AFD532CDB8A3}.Release|Any CPU.Build.0 = Release|Any CPU
		{676A0748-7844-428B-972F-AFD532CDB8A3}.Release|x64.ActiveCfg = Release|Any CPU
		{676A0748-7844-428B-972F-AFD532CDB8A3}.Release|x64.Build.0 = Release|Any CPU
		{676A0748-7844-428B-972F-AFD532CDB8A3}.Release|x86.ActiveCfg = Release|Any CPU
		{676A0748-7844-428B-972F-AFD532CDB8A3}.Release|x86.Build.0 = Release|Any CPU
		{C4F025BD-6D69-4C79-B781-3D21CFECBD50}.Debug|Any CPU.ActiveCfg = Debug|Any CPU
		{C4F025BD-6D69-4C79-B781-3D21CFECBD50}.Debug|Any CPU.Build.0 = Debug|Any CPU
		{C4F025BD-6D69-4C79-B781-3D21CFECBD50}.Debug|x64.ActiveCfg = Debug|Any CPU
		{C4F025BD-6D69-4C79-B781-3D21CFECBD50}.Debug|x64.Build.0 = Debug|Any CPU
		{C4F025BD-6D69-4C79-B781-3D21CFECBD50}.Debug|x86.ActiveCfg = Debug|Any CPU
		{C4F025BD-6D69-4C79-B781-3D21CFECBD50}.Debug|x86.Build.0 = Debug|Any CPU
		{C4F025BD-6D69-4C79-B781-3D21CFECBD50}.Release|Any CPU.ActiveCfg = Release|Any CPU
		{C4F025BD-6D69-4C79-B781-3D21CFECBD50}.Release|Any CPU.Build.0 = Release|Any CPU
		{C4F025BD-6D69-4C79-B781-3D21CFECBD50}.Release|x64.ActiveCfg = Release|Any CPU
		{C4F025BD-6D69-4C79-B781-3D21CFECBD50}.Release|x64.Build.0 = Release|Any CPU
		{C4F025BD-6D69-4C79-B781-3D21CFECBD50}.Release|x86.ActiveCfg = Release|Any CPU
		{C4F025BD-6D69-4C79-B781-3D21CFECBD50}.Release|x86.Build.0 = Release|Any CPU
		{F037BC18-A3E6-4A61-B003-FD7A7D7470FD}.Debug|Any CPU.ActiveCfg = Debug|Any CPU
		{F037BC18-A3E6-4A61-B003-FD7A7D7470FD}.Debug|Any CPU.Build.0 = Debug|Any CPU
		{F037BC18-A3E6-4A61-B003-FD7A7D7470FD}.Debug|x64.ActiveCfg = Debug|Any CPU
		{F037BC18-A3E6-4A61-B003-FD7A7D7470FD}.Debug|x64.Build.0 = Debug|Any CPU
		{F037BC18-A3E6-4A61-B003-FD7A7D7470FD}.Debug|x86.ActiveCfg = Debug|Any CPU
		{F037BC18-A3E6-4A61-B003-FD7A7D7470FD}.Debug|x86.Build.0 = Debug|Any CPU
		{F037BC18-A3E6-4A61-B003-FD7A7D7470FD}.Release|Any CPU.ActiveCfg = Release|Any CPU
		{F037BC18-A3E6-4A61-B003-FD7A7D7470FD}.Release|Any CPU.Build.0 = Release|Any CPU
		{F037BC18-A3E6-4A61-B003-FD7A7D7470FD}.Release|x64.ActiveCfg = Release|Any CPU
		{F037BC18-A3E6-4A61-B003-FD7A7D7470FD}.Release|x64.Build.0 = Release|Any CPU
		{F037BC18-A3E6-4A61-B003-FD7A7D7470FD}.Release|x86.ActiveCfg = Release|Any CPU
		{F037BC18-A3E6-4A61-B003-FD7A7D7470FD}.Release|x86.Build.0 = Release|Any CPU
	EndGlobalSection
	GlobalSection(NestedProjects) = preSolution
		{676A0748-7844-428B-972F-AFD532CDB8A3} = {AC9B1227-60FF-4A65-9613-6DADD312C025}
		{C4F025BD-6D69-4C79-B781-3D21CFECBD50} = {AC9B1227-60FF-4A65-9613-6DADD312C025}
		{F037BC18-A3E6-4A61-B003-FD7A7D7470FD} = {AC9B1227-60FF-4A65-9613-6DADD312C025}
	EndGlobalSection
EndGlobal
